
Microsoft Visual Studio Solution File, Format Version 12.00
# Visual Studio 15
VisualStudioVersion = 15.0.28307.271
MinimumVisualStudioVersion = 10.0.40219.1
Project("{8BC9CEB8-8B4A-11D0-8D11-00A0C91BC942}") = "Interactive Fiction (Headers)", "Interactive Fiction (Headers)\Interactive Fiction (Headers).vcxproj", "{630E8A89-0909-4C59-AEA5-DF477603E06E}"
EndProject
Global
	GlobalSection(SolutionConfigurationPlatforms) = preSolution
		Debug|x64 = Debug|x64
		Debug|x86 = Debug|x86
		Release|x64 = Release|x64
		Release|x86 = Release|x86
	EndGlobalSection
	GlobalSection(ProjectConfigurationPlatforms) = postSolution
		{630E8A89-0909-4C59-AEA5-DF477603E06E}.Debug|x64.ActiveCfg = Debug|x64
		{630E8A89-0909-4C59-AEA5-DF477603E06E}.Debug|x64.Build.0 = Debug|x64
		{630E8A89-0909-4C59-AEA5-DF477603E06E}.Debug|x86.ActiveCfg = Debug|Win32
		{630E8A89-0909-4C59-AEA5-DF477603E06E}.Debug|x86.Build.0 = Debug|Win32
		{630E8A89-0909-4C59-AEA5-DF477603E06E}.Release|x64.ActiveCfg = Release|x64
		{630E8A89-0909-4C59-AEA5-DF477603E06E}.Release|x64.Build.0 = Release|x64
		{630E8A89-0909-4C59-AEA5-DF477603E06E}.Release|x86.ActiveCfg = Release|Win32
		{630E8A89-0909-4C59-AEA5-DF477603E06E}.Release|x86.Build.0 = Release|Win32
	EndGlobalSection
	GlobalSection(SolutionProperties) = preSolution
		HideSolutionNode = FALSE
	EndGlobalSection
	GlobalSection(ExtensibilityGlobals) = postSolution
		SolutionGuid = {75347FD9-3DD9-46EE-AD89-20092232979F}
	EndGlobalSection
EndGlobal
